
Microsoft Visual Studio Solution File, Format Version 12.00
# Visual Studio Version 16
VisualStudioVersion = 16.0.810.6
MinimumVisualStudioVersion = 10.0.40219.1
Project("{FAE04EC0-301F-11D3-BF4B-00C04F79EFBC}") = "eShop", "eShop.csproj", "{373BBAC3-F7B0-4E3C-9690-E3D6B0B18A94}"
EndProject
Global
	GlobalSection(SolutionConfigurationPlatforms) = preSolution
		Debug|Any CPU = Debug|Any CPU
		Release|Any CPU = Release|Any CPU
	EndGlobalSection
	GlobalSection(ProjectConfigurationPlatforms) = postSolution
		{373BBAC3-F7B0-4E3C-9690-E3D6B0B18A94}.Debug|Any CPU.ActiveCfg = Debug|Any CPU
		{373BBAC3-F7B0-4E3C-9690-E3D6B0B18A94}.Debug|Any CPU.Build.0 = Debug|Any CPU
		{373BBAC3-F7B0-4E3C-9690-E3D6B0B18A94}.Release|Any CPU.ActiveCfg = Release|Any CPU
		{373BBAC3-F7B0-4E3C-9690-E3D6B0B18A94}.Release|Any CPU.Build.0 = Release|Any CPU
	EndGlobalSection
	GlobalSection(SolutionProperties) = preSolution
		HideSolutionNode = FALSE
	EndGlobalSection
	GlobalSection(ExtensibilityGlobals) = postSolution
		SolutionGuid = {61A9D064-A221-4516-A423-00D7F100A6A1}
	EndGlobalSection
EndGlobal
